{
  "name": "renovate-npm",
  "version": "0.0.1",
  "lockfileVersion": 3,
  "requires": true,
  "packages": {
    "": {
      "name": "renovate-npm",
      "version": "0.0.1",
      "dependencies": {
        "nodemailer": "6.9.6"
      },
      "engines": {
        "node": "^20.9.0",
        "npm": "^10.1.0"
      }
    },
    "node_modules/nodemailer": {
      "version": "6.9.6",
      "resolved": "https://registry.npmjs.org/nodemailer/-/nodemailer-6.9.6.tgz",
      "integrity": "sha512-s7pDtWwe5fLMkQUhw8TkWB/wnZ7SRdd9HRZslq/s24hlZvBP3j32N/ETLmnqTpmj4xoBZL9fOWyCIZ7r2HORHg==",
      "engines": {
        "node": ">=6.0.0"
      }
    }
  }
}
